{
  "pins" : [
    {
      "identity" : "httpcoders",
      "kind" : "remoteSourceControl",
      "location" : "https://github.com/Frizlab/HTTPCoders.git",
      "state" : {
        "revision" : "b8e713844c9a0c23a8e6c8d4a288cff444f6fdb8",
        "version" : "0.1.2"
      }
    },
    {
      "identity" : "recursivesyncdispatch",
      "kind" : "remoteSourceControl",
      "location" : "https://github.com/happn-app/RecursiveSyncDispatch.git",
      "state" : {
        "revision" : "04936f64e00d898006fc97b5ec938d8ce1fa14ea",
        "version" : "1.0.1"
      }
    },
    {
      "identity" : "retryingoperation",
      "kind" : "remoteSourceControl",
      "location" : "https://github.com/Frizlab/RetryingOperation.git",
      "state" : {
        "revision" : "c64f98966916fc184f7575dd97e2eba9962a3d33",
        "version" : "1.1.8"
      }
    },
    {
      "identity" : "safeglobal",
      "kind" : "remoteSourceControl",
      "location" : "https://github.com/Frizlab/SafeGlobal.git",
      "state" : {
        "revision" : "aed1d6c7db070320e0d8e332c29bddfabb26e414",
        "version" : "0.3.0"
      }
    },
    {
      "identity" : "semisingleton",
      "kind" : "remoteSourceControl",
      "location" : "https://github.com/Frizlab/SemiSingleton.git",
      "state" : {
        "revision" : "a2bbad008641318f3f7faf2ec53e3bb8f0e080ff",
        "version" : "2.1.0-beta.1"
      }
    },
    {
      "identity" : "stream-reader",
      "kind" : "remoteSourceControl",
      "location" : "https://github.com/Frizlab/stream-reader.git",
      "state" : {
        "revision" : "13c99289668e1dedfcf28c05867cb8fe0860b133",
        "version" : "3.5.2"
      }
    },
    {
      "identity" : "swift-collections",
      "kind" : "remoteSourceControl",
      "location" : "https://github.com/apple/swift-collections.git",
      "state" : {
        "revision" : "94cf62b3ba8d4bed62680a282d4c25f9c63c2efb",
        "version" : "1.1.0"
      }
    },
    {
      "identity" : "swift-log",
      "kind" : "remoteSourceControl",
      "location" : "https://github.com/apple/swift-log.git",
      "state" : {
        "revision" : "32e8d724467f8fe623624570367e3d50c5638e46",
        "version" : "1.5.2"
      }
    },
    {
      "identity" : "swift-syntax",
      "kind" : "remoteSourceControl",
      "location" : "https://github.com/apple/swift-syntax.git",
      "state" : {
        "revision" : "08a2f0a9a30e0f705f79c9cfaca1f68b71bdc775",
        "version" : "510.0.0"
      }
    }
  ],
  "version" : 2
}
